
Microsoft Visual Studio Solution File, Format Version 12.00
# Visual Studio Version 17
VisualStudioVersion = 17.5.002.0
MinimumVisualStudioVersion = 10.0.40219.1
Project("{2150E333-8FDC-42A3-9474-1A3956D46DE8}") = "Praticas", "Praticas", "{7409AB3E-59FC-47B9-95DA-446119AF58FD}"
EndProject
Project("{2150E333-8FDC-42A3-9474-1A3956D46DE8}") = "PT-002", "PT-002", "{985FE079-F682-4BA0-A9E8-75F8675B9689}"
EndProject
Project("{2150E333-8FDC-42A3-9474-1A3956D46DE8}") = "04", "04", "{2A1455A9-2792-4098-9635-6E38008C5929}"
EndProject
Project("{9A19103F-16F7-4668-BE54-9A1E7A4F7556}") = "Exercicio4_ServicoFabrica", "Praticas\PT-002\04\Exercicio4_ServicoFabrica\Exercicio4_ServicoFabrica.csproj", "{3674511B-91C2-4634-9A3E-0ABD9BB505B6}"
EndProject
Project("{2150E333-8FDC-42A3-9474-1A3956D46DE8}") = "01", "01", "{F6205E1C-B768-4A19-BD6F-539D5BD564D5}"
EndProject
Project("{9A19103F-16F7-4668-BE54-9A1E7A4F7556}") = "GestaoFinanceira", "Praticas\PT-002\01\GestaoFinanceira\GestaoFinanceira.csproj", "{2A8B222E-E009-4D75-91CC-1A5B7CB9B8C5}"
EndProject
Project("{2150E333-8FDC-42A3-9474-1A3956D46DE8}") = "02", "02", "{543C68AB-2261-4772-8451-53DC1CC74DED}"
EndProject
Project("{9A19103F-16F7-4668-BE54-9A1E7A4F7556}") = "Exercicio2_ExceptionHandling", "Praticas\PT-002\02\Exercicio2_ExceptionHandling\Exercicio2_ExceptionHandling.csproj", "{55807E34-B809-4364-B54E-750601607347}"
EndProject
Project("{2150E333-8FDC-42A3-9474-1A3956D46DE8}") = "03", "03", "{88B18323-F31B-4B86-82CF-2B05385749AF}"
EndProject
Project("{9A19103F-16F7-4668-BE54-9A1E7A4F7556}") = "Exercicio3_Enum", "Praticas\PT-002\03\Exercicio3_Enum\Exercicio3_Enum.csproj", "{F8BEA5D1-56A9-47B6-8D2B-C4D9E93582A8}"
EndProject
Global
	GlobalSection(SolutionConfigurationPlatforms) = preSolution
		Debug|Any CPU = Debug|Any CPU
		Release|Any CPU = Release|Any CPU
	EndGlobalSection
	GlobalSection(ProjectConfigurationPlatforms) = postSolution
		{3674511B-91C2-4634-9A3E-0ABD9BB505B6}.Debug|Any CPU.ActiveCfg = Debug|Any CPU
		{3674511B-91C2-4634-9A3E-0ABD9BB505B6}.Debug|Any CPU.Build.0 = Debug|Any CPU
		{3674511B-91C2-4634-9A3E-0ABD9BB505B6}.Release|Any CPU.ActiveCfg = Release|Any CPU
		{3674511B-91C2-4634-9A3E-0ABD9BB505B6}.Release|Any CPU.Build.0 = Release|Any CPU
		{2A8B222E-E009-4D75-91CC-1A5B7CB9B8C5}.Debug|Any CPU.ActiveCfg = Debug|Any CPU
		{2A8B222E-E009-4D75-91CC-1A5B7CB9B8C5}.Debug|Any CPU.Build.0 = Debug|Any CPU
		{2A8B222E-E009-4D75-91CC-1A5B7CB9B8C5}.Release|Any CPU.ActiveCfg = Release|Any CPU
		{2A8B222E-E009-4D75-91CC-1A5B7CB9B8C5}.Release|Any CPU.Build.0 = Release|Any CPU
		{55807E34-B809-4364-B54E-750601607347}.Debug|Any CPU.ActiveCfg = Debug|Any CPU
		{55807E34-B809-4364-B54E-750601607347}.Debug|Any CPU.Build.0 = Debug|Any CPU
		{55807E34-B809-4364-B54E-750601607347}.Release|Any CPU.ActiveCfg = Release|Any CPU
		{55807E34-B809-4364-B54E-750601607347}.Release|Any CPU.Build.0 = Release|Any CPU
		{F8BEA5D1-56A9-47B6-8D2B-C4D9E93582A8}.Debug|Any CPU.ActiveCfg = Debug|Any CPU
		{F8BEA5D1-56A9-47B6-8D2B-C4D9E93582A8}.Debug|Any CPU.Build.0 = Debug|Any CPU
		{F8BEA5D1-56A9-47B6-8D2B-C4D9E93582A8}.Release|Any CPU.ActiveCfg = Release|Any CPU
		{F8BEA5D1-56A9-47B6-8D2B-C4D9E93582A8}.Release|Any CPU.Build.0 = Release|Any CPU
	EndGlobalSection
	GlobalSection(SolutionProperties) = preSolution
		HideSolutionNode = FALSE
	EndGlobalSection
	GlobalSection(NestedProjects) = preSolution
		{985FE079-F682-4BA0-A9E8-75F8675B9689} = {7409AB3E-59FC-47B9-95DA-446119AF58FD}
		{2A1455A9-2792-4098-9635-6E38008C5929} = {985FE079-F682-4BA0-A9E8-75F8675B9689}
		{3674511B-91C2-4634-9A3E-0ABD9BB505B6} = {2A1455A9-2792-4098-9635-6E38008C5929}
		{F6205E1C-B768-4A19-BD6F-539D5BD564D5} = {985FE079-F682-4BA0-A9E8-75F8675B9689}
		{2A8B222E-E009-4D75-91CC-1A5B7CB9B8C5} = {F6205E1C-B768-4A19-BD6F-539D5BD564D5}
		{543C68AB-2261-4772-8451-53DC1CC74DED} = {985FE079-F682-4BA0-A9E8-75F8675B9689}
		{55807E34-B809-4364-B54E-750601607347} = {543C68AB-2261-4772-8451-53DC1CC74DED}
		{88B18323-F31B-4B86-82CF-2B05385749AF} = {985FE079-F682-4BA0-A9E8-75F8675B9689}
		{F8BEA5D1-56A9-47B6-8D2B-C4D9E93582A8} = {88B18323-F31B-4B86-82CF-2B05385749AF}
	EndGlobalSection
	GlobalSection(ExtensibilityGlobals) = postSolution
		SolutionGuid = {5F8BD849-1CB3-4AD6-971B-CBE6D4D7C5BA}
	EndGlobalSection
EndGlobal
