
Microsoft Visual Studio Solution File, Format Version 12.00
# Visual Studio Version 17
VisualStudioVersion = 17.5.002.0
MinimumVisualStudioVersion = 10.0.40219.1
Project("{2150E333-8FDC-42A3-9474-1A3956D46DE8}") = "Praticas", "Praticas", "{8AC26E68-4650-497F-9C10-8DA8C84F3764}"
EndProject
Project("{2150E333-8FDC-42A3-9474-1A3956D46DE8}") = "PT-002", "PT-002", "{CA298449-3E4D-4F9B-9994-B25464C6D381}"
EndProject
Project("{2150E333-8FDC-42A3-9474-1A3956D46DE8}") = "01", "01", "{0DD138FD-92FF-4616-AD9F-E9105E74E6FB}"
EndProject
Project("{9A19103F-16F7-4668-BE54-9A1E7A4F7556}") = "GestaoFinanceira", "Praticas\PT-002\01\GestaoFinanceira\GestaoFinanceira.csproj", "{5B202303-7425-4618-AEC4-D38F58312D13}"
EndProject
Global
	GlobalSection(SolutionConfigurationPlatforms) = preSolution
		Debug|Any CPU = Debug|Any CPU
		Release|Any CPU = Release|Any CPU
	EndGlobalSection
	GlobalSection(ProjectConfigurationPlatforms) = postSolution
		{5B202303-7425-4618-AEC4-D38F58312D13}.Debug|Any CPU.ActiveCfg = Debug|Any CPU
		{5B202303-7425-4618-AEC4-D38F58312D13}.Debug|Any CPU.Build.0 = Debug|Any CPU
		{5B202303-7425-4618-AEC4-D38F58312D13}.Release|Any CPU.ActiveCfg = Release|Any CPU
		{5B202303-7425-4618-AEC4-D38F58312D13}.Release|Any CPU.Build.0 = Release|Any CPU
	EndGlobalSection
	GlobalSection(SolutionProperties) = preSolution
		HideSolutionNode = FALSE
	EndGlobalSection
	GlobalSection(NestedProjects) = preSolution
		{CA298449-3E4D-4F9B-9994-B25464C6D381} = {8AC26E68-4650-497F-9C10-8DA8C84F3764}
		{0DD138FD-92FF-4616-AD9F-E9105E74E6FB} = {CA298449-3E4D-4F9B-9994-B25464C6D381}
		{5B202303-7425-4618-AEC4-D38F58312D13} = {0DD138FD-92FF-4616-AD9F-E9105E74E6FB}
	EndGlobalSection
	GlobalSection(ExtensibilityGlobals) = postSolution
		SolutionGuid = {124F73F4-6ED8-4C6B-856A-FCC41ABB47EA}
	EndGlobalSection
EndGlobal
