
Microsoft Visual Studio Solution File, Format Version 12.00
# Visual Studio Version 17
VisualStudioVersion = 17.5.002.0
MinimumVisualStudioVersion = 10.0.40219.1
Project("{2150E333-8FDC-42A3-9474-1A3956D46DE8}") = "TechMed", "TechMed", "{AA0239F2-EE90-4698-B3E7-5EC196283942}"
EndProject
Project("{9A19103F-16F7-4668-BE54-9A1E7A4F7556}") = "TechMed.Infras", "TechMed\TechMed.Infras\TechMed.Infras.csproj", "{ED92E44C-4CAA-4140-9F05-24775DFEA334}"
EndProject
Project("{9A19103F-16F7-4668-BE54-9A1E7A4F7556}") = "TechMed.Application", "TechMed\TechMed.Application\TechMed.Application.csproj", "{1F337D25-CD6C-43F5-9BE2-BA890CF92D24}"
EndProject
Project("{9A19103F-16F7-4668-BE54-9A1E7A4F7556}") = "TechMed.WebAPI", "TechMed\TechMed.WebAPI\TechMed.WebAPI.csproj", "{382DBB8F-8BDD-4C12-9D8B-7D355874CEAF}"
EndProject
Project("{9A19103F-16F7-4668-BE54-9A1E7A4F7556}") = "TechMed.Core", "TechMed\TechMed.Core\TechMed.Core.csproj", "{2811D048-A5D0-42E0-8E8B-FC4B169077C2}"
EndProject
Project("{FAE04EC0-301F-11D3-BF4B-00C04F79EFBC}") = "TechAdvocacia.Core", "TechAdvocacia.Core\TechAdvocacia.Core.csproj", "{92945A47-D7BD-4BAC-97BF-D6950C6F4F88}"
EndProject
Project("{FAE04EC0-301F-11D3-BF4B-00C04F79EFBC}") = "TechAdvocacia.Application", "TechAdvocacia.Application\TechAdvocacia.Application.csproj", "{C2E53FE7-77A3-412D-A95F-F523E3513F37}"
EndProject
Project("{FAE04EC0-301F-11D3-BF4B-00C04F79EFBC}") = "TechAdvocacia.Infrastructure", "TechAdvocacia.Infrastructure\TechAdvocacia.Infrastructure.csproj", "{806D9EAF-AA36-4950-9389-184B01605DDB}"
EndProject
Project("{FAE04EC0-301F-11D3-BF4B-00C04F79EFBC}") = "TechAdvocacia.WebAPI", "TechAdvocacia.WebAPI\TechAdvocacia.WebAPI.csproj", "{ADCF966C-1C15-46DA-8919-3D2D54878441}"
EndProject
Global
	GlobalSection(SolutionConfigurationPlatforms) = preSolution
		Debug|Any CPU = Debug|Any CPU
		Release|Any CPU = Release|Any CPU
	EndGlobalSection
	GlobalSection(ProjectConfigurationPlatforms) = postSolution
		{ED92E44C-4CAA-4140-9F05-24775DFEA334}.Debug|Any CPU.ActiveCfg = Debug|Any CPU
		{ED92E44C-4CAA-4140-9F05-24775DFEA334}.Debug|Any CPU.Build.0 = Debug|Any CPU
		{ED92E44C-4CAA-4140-9F05-24775DFEA334}.Release|Any CPU.ActiveCfg = Release|Any CPU
		{ED92E44C-4CAA-4140-9F05-24775DFEA334}.Release|Any CPU.Build.0 = Release|Any CPU
		{1F337D25-CD6C-43F5-9BE2-BA890CF92D24}.Debug|Any CPU.ActiveCfg = Debug|Any CPU
		{1F337D25-CD6C-43F5-9BE2-BA890CF92D24}.Debug|Any CPU.Build.0 = Debug|Any CPU
		{1F337D25-CD6C-43F5-9BE2-BA890CF92D24}.Release|Any CPU.ActiveCfg = Release|Any CPU
		{1F337D25-CD6C-43F5-9BE2-BA890CF92D24}.Release|Any CPU.Build.0 = Release|Any CPU
		{382DBB8F-8BDD-4C12-9D8B-7D355874CEAF}.Debug|Any CPU.ActiveCfg = Debug|Any CPU
		{382DBB8F-8BDD-4C12-9D8B-7D355874CEAF}.Debug|Any CPU.Build.0 = Debug|Any CPU
		{382DBB8F-8BDD-4C12-9D8B-7D355874CEAF}.Release|Any CPU.ActiveCfg = Release|Any CPU
		{382DBB8F-8BDD-4C12-9D8B-7D355874CEAF}.Release|Any CPU.Build.0 = Release|Any CPU
		{2811D048-A5D0-42E0-8E8B-FC4B169077C2}.Debug|Any CPU.ActiveCfg = Debug|Any CPU
		{2811D048-A5D0-42E0-8E8B-FC4B169077C2}.Debug|Any CPU.Build.0 = Debug|Any CPU
		{2811D048-A5D0-42E0-8E8B-FC4B169077C2}.Release|Any CPU.ActiveCfg = Release|Any CPU
		{2811D048-A5D0-42E0-8E8B-FC4B169077C2}.Release|Any CPU.Build.0 = Release|Any CPU
		{92945A47-D7BD-4BAC-97BF-D6950C6F4F88}.Debug|Any CPU.ActiveCfg = Debug|Any CPU
		{92945A47-D7BD-4BAC-97BF-D6950C6F4F88}.Debug|Any CPU.Build.0 = Debug|Any CPU
		{92945A47-D7BD-4BAC-97BF-D6950C6F4F88}.Release|Any CPU.ActiveCfg = Release|Any CPU
		{92945A47-D7BD-4BAC-97BF-D6950C6F4F88}.Release|Any CPU.Build.0 = Release|Any CPU
		{C2E53FE7-77A3-412D-A95F-F523E3513F37}.Debug|Any CPU.ActiveCfg = Debug|Any CPU
		{C2E53FE7-77A3-412D-A95F-F523E3513F37}.Debug|Any CPU.Build.0 = Debug|Any CPU
		{C2E53FE7-77A3-412D-A95F-F523E3513F37}.Release|Any CPU.ActiveCfg = Release|Any CPU
		{C2E53FE7-77A3-412D-A95F-F523E3513F37}.Release|Any CPU.Build.0 = Release|Any CPU
		{806D9EAF-AA36-4950-9389-184B01605DDB}.Debug|Any CPU.ActiveCfg = Debug|Any CPU
		{806D9EAF-AA36-4950-9389-184B01605DDB}.Debug|Any CPU.Build.0 = Debug|Any CPU
		{806D9EAF-AA36-4950-9389-184B01605DDB}.Release|Any CPU.ActiveCfg = Release|Any CPU
		{806D9EAF-AA36-4950-9389-184B01605DDB}.Release|Any CPU.Build.0 = Release|Any CPU
		{ADCF966C-1C15-46DA-8919-3D2D54878441}.Debug|Any CPU.ActiveCfg = Debug|Any CPU
		{ADCF966C-1C15-46DA-8919-3D2D54878441}.Debug|Any CPU.Build.0 = Debug|Any CPU
		{ADCF966C-1C15-46DA-8919-3D2D54878441}.Release|Any CPU.ActiveCfg = Release|Any CPU
		{ADCF966C-1C15-46DA-8919-3D2D54878441}.Release|Any CPU.Build.0 = Release|Any CPU
	EndGlobalSection
	GlobalSection(SolutionProperties) = preSolution
		HideSolutionNode = FALSE
	EndGlobalSection
	GlobalSection(NestedProjects) = preSolution
		{ED92E44C-4CAA-4140-9F05-24775DFEA334} = {AA0239F2-EE90-4698-B3E7-5EC196283942}
		{1F337D25-CD6C-43F5-9BE2-BA890CF92D24} = {AA0239F2-EE90-4698-B3E7-5EC196283942}
		{382DBB8F-8BDD-4C12-9D8B-7D355874CEAF} = {AA0239F2-EE90-4698-B3E7-5EC196283942}
		{2811D048-A5D0-42E0-8E8B-FC4B169077C2} = {AA0239F2-EE90-4698-B3E7-5EC196283942}
	EndGlobalSection
	GlobalSection(ExtensibilityGlobals) = postSolution
		SolutionGuid = {439776ED-722D-4046-B61F-EE8978D1854C}
	EndGlobalSection
EndGlobal
