
Microsoft Visual Studio Solution File, Format Version 12.00
# Visual Studio Version 17
VisualStudioVersion = 17.5.002.0
MinimumVisualStudioVersion = 10.0.40219.1
Project("{2150E333-8FDC-42A3-9474-1A3956D46DE8}") = "semana1", "semana1", "{9BDB2729-039C-4185-97D5-B16A2E1F6BE2}"
EndProject
Project("{9A19103F-16F7-4668-BE54-9A1E7A4F7556}") = "techmed", "semana1\techmed\techmed.csproj", "{55FC724D-2210-44ED-94FC-305692650985}"
EndProject
Global
	GlobalSection(SolutionConfigurationPlatforms) = preSolution
		Debug|Any CPU = Debug|Any CPU
		Release|Any CPU = Release|Any CPU
	EndGlobalSection
	GlobalSection(ProjectConfigurationPlatforms) = postSolution
		{55FC724D-2210-44ED-94FC-305692650985}.Debug|Any CPU.ActiveCfg = Debug|Any CPU
		{55FC724D-2210-44ED-94FC-305692650985}.Debug|Any CPU.Build.0 = Debug|Any CPU
		{55FC724D-2210-44ED-94FC-305692650985}.Release|Any CPU.ActiveCfg = Release|Any CPU
		{55FC724D-2210-44ED-94FC-305692650985}.Release|Any CPU.Build.0 = Release|Any CPU
	EndGlobalSection
	GlobalSection(SolutionProperties) = preSolution
		HideSolutionNode = FALSE
	EndGlobalSection
	GlobalSection(NestedProjects) = preSolution
		{55FC724D-2210-44ED-94FC-305692650985} = {9BDB2729-039C-4185-97D5-B16A2E1F6BE2}
	EndGlobalSection
	GlobalSection(ExtensibilityGlobals) = postSolution
		SolutionGuid = {42FCC470-A0A0-46CF-93ED-0A71AE3F48E9}
	EndGlobalSection
EndGlobal
