
Microsoft Visual Studio Solution File, Format Version 12.00
# Visual Studio Version 17
VisualStudioVersion = 17.5.002.0
MinimumVisualStudioVersion = 10.0.40219.1
Project("{9A19103F-16F7-4668-BE54-9A1E7A4F7556}") = "TechMed.Infras", "TechMed.Infras\TechMed.Infras.csproj", "{4DB01CBC-BA81-4032-BC82-71632E6A2CA5}"
EndProject
Project("{9A19103F-16F7-4668-BE54-9A1E7A4F7556}") = "TechMed.Application", "TechMed.Application\TechMed.Application.csproj", "{B778E36A-75BC-49E9-B172-FBC94FD5B8C2}"
EndProject
Project("{9A19103F-16F7-4668-BE54-9A1E7A4F7556}") = "TechMed.WebAPI", "TechMed.WebAPI\TechMed.WebAPI.csproj", "{9089C4D6-036B-46F4-B969-AB8563BFE4C6}"
EndProject
Project("{9A19103F-16F7-4668-BE54-9A1E7A4F7556}") = "TechMed.Core", "TechMed.Core\TechMed.Core.csproj", "{3DC2F015-986C-4853-811B-DCB6C48E3CBD}"
EndProject
Global
	GlobalSection(SolutionConfigurationPlatforms) = preSolution
		Debug|Any CPU = Debug|Any CPU
		Release|Any CPU = Release|Any CPU
	EndGlobalSection
	GlobalSection(ProjectConfigurationPlatforms) = postSolution
		{4DB01CBC-BA81-4032-BC82-71632E6A2CA5}.Debug|Any CPU.ActiveCfg = Debug|Any CPU
		{4DB01CBC-BA81-4032-BC82-71632E6A2CA5}.Debug|Any CPU.Build.0 = Debug|Any CPU
		{4DB01CBC-BA81-4032-BC82-71632E6A2CA5}.Release|Any CPU.ActiveCfg = Release|Any CPU
		{4DB01CBC-BA81-4032-BC82-71632E6A2CA5}.Release|Any CPU.Build.0 = Release|Any CPU
		{B778E36A-75BC-49E9-B172-FBC94FD5B8C2}.Debug|Any CPU.ActiveCfg = Debug|Any CPU
		{B778E36A-75BC-49E9-B172-FBC94FD5B8C2}.Debug|Any CPU.Build.0 = Debug|Any CPU
		{B778E36A-75BC-49E9-B172-FBC94FD5B8C2}.Release|Any CPU.ActiveCfg = Release|Any CPU
		{B778E36A-75BC-49E9-B172-FBC94FD5B8C2}.Release|Any CPU.Build.0 = Release|Any CPU
		{9089C4D6-036B-46F4-B969-AB8563BFE4C6}.Debug|Any CPU.ActiveCfg = Debug|Any CPU
		{9089C4D6-036B-46F4-B969-AB8563BFE4C6}.Debug|Any CPU.Build.0 = Debug|Any CPU
		{9089C4D6-036B-46F4-B969-AB8563BFE4C6}.Release|Any CPU.ActiveCfg = Release|Any CPU
		{9089C4D6-036B-46F4-B969-AB8563BFE4C6}.Release|Any CPU.Build.0 = Release|Any CPU
		{3DC2F015-986C-4853-811B-DCB6C48E3CBD}.Debug|Any CPU.ActiveCfg = Debug|Any CPU
		{3DC2F015-986C-4853-811B-DCB6C48E3CBD}.Debug|Any CPU.Build.0 = Debug|Any CPU
		{3DC2F015-986C-4853-811B-DCB6C48E3CBD}.Release|Any CPU.ActiveCfg = Release|Any CPU
		{3DC2F015-986C-4853-811B-DCB6C48E3CBD}.Release|Any CPU.Build.0 = Release|Any CPU
	EndGlobalSection
	GlobalSection(SolutionProperties) = preSolution
		HideSolutionNode = FALSE
	EndGlobalSection
	GlobalSection(ExtensibilityGlobals) = postSolution
		SolutionGuid = {C19B94E6-348B-46D1-808C-BA56A7966556}
	EndGlobalSection
EndGlobal
