
Microsoft Visual Studio Solution File, Format Version 12.00
# Visual Studio Version 17
VisualStudioVersion = 17.5.002.0
MinimumVisualStudioVersion = 10.0.40219.1
Project("{2150E333-8FDC-42A3-9474-1A3956D46DE8}") = "Test", "Test", "{B6DF86E1-198B-4D7D-9345-90F3778BD519}"
EndProject
Project("{9A19103F-16F7-4668-BE54-9A1E7A4F7556}") = "CleanArchtecture.Tests", "Test\CleanArchtecture.Tests\CleanArchtecture.Tests.csproj", "{4F5BD6EB-E9D3-4786-B325-E38588087D02}"
EndProject
Project("{2150E333-8FDC-42A3-9474-1A3956D46DE8}") = "Infrastructure", "Infrastructure", "{3705B14A-4C39-48C0-8EF4-C4F33D11D1A7}"
EndProject
Project("{9A19103F-16F7-4668-BE54-9A1E7A4F7556}") = "CleanArchitecture.Persistence", "Infrastructure\CleanArchitecture.Persistence\CleanArchitecture.Persistence.csproj", "{EC7829C2-000B-4072-9702-DDC97779284F}"
EndProject
Project("{2150E333-8FDC-42A3-9474-1A3956D46DE8}") = "Code", "Code", "{35885B9D-5DAF-410C-B239-28F45B80D9EC}"
EndProject
Project("{9A19103F-16F7-4668-BE54-9A1E7A4F7556}") = "CleanArchitecture.Domain", "Code\CleanArchitecture.Domain\CleanArchitecture.Domain.csproj", "{399E6C36-69E9-4D82-9C6A-17C5302A992F}"
EndProject
Project("{9A19103F-16F7-4668-BE54-9A1E7A4F7556}") = "CleanArchitecture.Application", "Code\CleanArchitecture.Application\CleanArchitecture.Application.csproj", "{51CF97D7-EEE6-49DF-8701-112C7CCCEBCE}"
EndProject
Project("{2150E333-8FDC-42A3-9474-1A3956D46DE8}") = "Presentation", "Presentation", "{389A63F9-59E1-41DC-B0F4-3A916D6700C5}"
EndProject
Project("{9A19103F-16F7-4668-BE54-9A1E7A4F7556}") = "CleanArchtecture.API", "Presentation\CleanArchtecture.API\CleanArchtecture.API.csproj", "{32CE4C67-A7AC-4F63-9473-A99553851290}"
EndProject
Global
	GlobalSection(SolutionConfigurationPlatforms) = preSolution
		Debug|Any CPU = Debug|Any CPU
		Release|Any CPU = Release|Any CPU
	EndGlobalSection
	GlobalSection(ProjectConfigurationPlatforms) = postSolution
		{4F5BD6EB-E9D3-4786-B325-E38588087D02}.Debug|Any CPU.ActiveCfg = Debug|Any CPU
		{4F5BD6EB-E9D3-4786-B325-E38588087D02}.Debug|Any CPU.Build.0 = Debug|Any CPU
		{4F5BD6EB-E9D3-4786-B325-E38588087D02}.Release|Any CPU.ActiveCfg = Release|Any CPU
		{4F5BD6EB-E9D3-4786-B325-E38588087D02}.Release|Any CPU.Build.0 = Release|Any CPU
		{EC7829C2-000B-4072-9702-DDC97779284F}.Debug|Any CPU.ActiveCfg = Debug|Any CPU
		{EC7829C2-000B-4072-9702-DDC97779284F}.Debug|Any CPU.Build.0 = Debug|Any CPU
		{EC7829C2-000B-4072-9702-DDC97779284F}.Release|Any CPU.ActiveCfg = Release|Any CPU
		{EC7829C2-000B-4072-9702-DDC97779284F}.Release|Any CPU.Build.0 = Release|Any CPU
		{399E6C36-69E9-4D82-9C6A-17C5302A992F}.Debug|Any CPU.ActiveCfg = Debug|Any CPU
		{399E6C36-69E9-4D82-9C6A-17C5302A992F}.Debug|Any CPU.Build.0 = Debug|Any CPU
		{399E6C36-69E9-4D82-9C6A-17C5302A992F}.Release|Any CPU.ActiveCfg = Release|Any CPU
		{399E6C36-69E9-4D82-9C6A-17C5302A992F}.Release|Any CPU.Build.0 = Release|Any CPU
		{51CF97D7-EEE6-49DF-8701-112C7CCCEBCE}.Debug|Any CPU.ActiveCfg = Debug|Any CPU
		{51CF97D7-EEE6-49DF-8701-112C7CCCEBCE}.Debug|Any CPU.Build.0 = Debug|Any CPU
		{51CF97D7-EEE6-49DF-8701-112C7CCCEBCE}.Release|Any CPU.ActiveCfg = Release|Any CPU
		{51CF97D7-EEE6-49DF-8701-112C7CCCEBCE}.Release|Any CPU.Build.0 = Release|Any CPU
		{32CE4C67-A7AC-4F63-9473-A99553851290}.Debug|Any CPU.ActiveCfg = Debug|Any CPU
		{32CE4C67-A7AC-4F63-9473-A99553851290}.Debug|Any CPU.Build.0 = Debug|Any CPU
		{32CE4C67-A7AC-4F63-9473-A99553851290}.Release|Any CPU.ActiveCfg = Release|Any CPU
		{32CE4C67-A7AC-4F63-9473-A99553851290}.Release|Any CPU.Build.0 = Release|Any CPU
	EndGlobalSection
	GlobalSection(SolutionProperties) = preSolution
		HideSolutionNode = FALSE
	EndGlobalSection
	GlobalSection(NestedProjects) = preSolution
		{4F5BD6EB-E9D3-4786-B325-E38588087D02} = {B6DF86E1-198B-4D7D-9345-90F3778BD519}
		{EC7829C2-000B-4072-9702-DDC97779284F} = {3705B14A-4C39-48C0-8EF4-C4F33D11D1A7}
		{399E6C36-69E9-4D82-9C6A-17C5302A992F} = {35885B9D-5DAF-410C-B239-28F45B80D9EC}
		{51CF97D7-EEE6-49DF-8701-112C7CCCEBCE} = {35885B9D-5DAF-410C-B239-28F45B80D9EC}
		{32CE4C67-A7AC-4F63-9473-A99553851290} = {389A63F9-59E1-41DC-B0F4-3A916D6700C5}
	EndGlobalSection
	GlobalSection(ExtensibilityGlobals) = postSolution
		SolutionGuid = {EDEEBC64-44ED-4E07-AE8D-B5C461A6ED88}
	EndGlobalSection
EndGlobal
